
Microsoft Visual Studio Solution File, Format Version 12.00
# Visual Studio Version 17
VisualStudioVersion = 17.0.31606.5
MinimumVisualStudioVersion = 10.0.40219.1
Project("{FAE04EC0-301F-11D3-BF4B-00C04F79EFBC}") = "Middleware", "Middleware\Middleware.csproj", "{53E7BBBC-2A55-4281-B83E-7C88BDB9EC6B}"
EndProject
Global
	GlobalSection(SolutionConfigurationPlatforms) = preSolution
		Debug|Any CPU = Debug|Any CPU
		Release|Any CPU = Release|Any CPU
	EndGlobalSection
	GlobalSection(ProjectConfigurationPlatforms) = postSolution
		{53E7BBBC-2A55-4281-B83E-7C88BDB9EC6B}.Debug|Any CPU.ActiveCfg = Debug|Any CPU
		{53E7BBBC-2A55-4281-B83E-7C88BDB9EC6B}.Debug|Any CPU.Build.0 = Debug|Any CPU
		{53E7BBBC-2A55-4281-B83E-7C88BDB9EC6B}.Release|Any CPU.ActiveCfg = Release|Any CPU
		{53E7BBBC-2A55-4281-B83E-7C88BDB9EC6B}.Release|Any CPU.Build.0 = Release|Any CPU
	EndGlobalSection
	GlobalSection(SolutionProperties) = preSolution
		HideSolutionNode = FALSE
	EndGlobalSection
	GlobalSection(ExtensibilityGlobals) = postSolution
		SolutionGuid = {4F3C5E75-911A-4134-88A8-DD68040FDFB0}
	EndGlobalSection
EndGlobal
